// !$*UTF8*$!
{
	archiveVersion = 1;
	classes = {
	};
	objectVersion = 55;
	objects = {

/* Begin PBXBuildFile section */
		CF2CA97727FF7D03007CFAF0 /* AppDelegate.swift in Sources */ = {isa = PBXBuildFile; fileRef = CF2CA97627FF7D03007CFAF0 /* AppDelegate.swift */; };
		CF2CA97927FF7D03007CFAF0 /* SceneDelegate.swift in Sources */ = {isa = PBXBuildFile; fileRef = CF2CA97827FF7D03007CFAF0 /* SceneDelegate.swift */; };
		CF2CA97E27FF7D03007CFAF0 /* Main.storyboard in Resources */ = {isa = PBXBuildFile; fileRef = CF2CA97C27FF7D03007CFAF0 /* Main.storyboard */; };
		CF2CA98027FF7D03007CFAF0 /* Assets.xcassets in Resources */ = {isa = PBXBuildFile; fileRef = CF2CA97F27FF7D03007CFAF0 /* Assets.xcassets */; };
		CF2CA98327FF7D03007CFAF0 /* LaunchScreen.storyboard in Resources */ = {isa = PBXBuildFile; fileRef = CF2CA98127FF7D03007CFAF0 /* LaunchScreen.storyboard */; };
		CF2CA99227FF7EBC007CFAF0 /* MemeViewController.swift in Sources */ = {isa = PBXBuildFile; fileRef = CF2CA99127FF7EBC007CFAF0 /* MemeViewController.swift */; };
		CF2CA99727FF7F87007CFAF0 /* MemesData.swift in Sources */ = {isa = PBXBuildFile; fileRef = CF2CA99627FF7F87007CFAF0 /* MemesData.swift */; };
		CF2CA99927FF7F97007CFAF0 /* NetworkManager.swift in Sources */ = {isa = PBXBuildFile; fileRef = CF2CA99827FF7F97007CFAF0 /* NetworkManager.swift */; };
		CF2CA99B27FF84B1007CFAF0 /* MemeCell.swift in Sources */ = {isa = PBXBuildFile; fileRef = CF2CA99A27FF84B1007CFAF0 /* MemeCell.swift */; };
		CF2CA9A128042B35007CFAF0 /* SettingsViewController.swift in Sources */ = {isa = PBXBuildFile; fileRef = CF2CA9A028042B35007CFAF0 /* SettingsViewController.swift */; };
		CF2FB8832805FCFA001EDAE9 /* Alamofire in Frameworks */ = {isa = PBXBuildFile; productRef = CF2FB8822805FCFA001EDAE9 /* Alamofire */; };
		CF341E442808A15200B1C2E2 /* StorageManager.swift in Sources */ = {isa = PBXBuildFile; fileRef = CF341E432808A15200B1C2E2 /* StorageManager.swift */; };
/* End PBXBuildFile section */

/* Begin PBXFileReference section */
		CF2CA97327FF7D03007CFAF0 /* MemeApp.app */ = {isa = PBXFileReference; explicitFileType = wrapper.application; includeInIndex = 0; path = MemeApp.app; sourceTree = BUILT_PRODUCTS_DIR; };
		CF2CA97627FF7D03007CFAF0 /* AppDelegate.swift */ = {isa = PBXFileReference; lastKnownFileType = sourcecode.swift; path = AppDelegate.swift; sourceTree = "<group>"; };
		CF2CA97827FF7D03007CFAF0 /* SceneDelegate.swift */ = {isa = PBXFileReference; lastKnownFileType = sourcecode.swift; path = SceneDelegate.swift; sourceTree = "<group>"; };
		CF2CA97D27FF7D03007CFAF0 /* Base */ = {isa = PBXFileReference; lastKnownFileType = file.storyboard; name = Base; path = Base.lproj/Main.storyboard; sourceTree = "<group>"; };
		CF2CA97F27FF7D03007CFAF0 /* Assets.xcassets */ = {isa = PBXFileReference; lastKnownFileType = folder.assetcatalog; path = Assets.xcassets; sourceTree = "<group>"; };
		CF2CA98227FF7D03007CFAF0 /* Base */ = {isa = PBXFileReference; lastKnownFileType = file.storyboard; name = Base; path = Base.lproj/LaunchScreen.storyboard; sourceTree = "<group>"; };
		CF2CA98427FF7D03007CFAF0 /* Info.plist */ = {isa = PBXFileReference; lastKnownFileType = text.plist.xml; path = Info.plist; sourceTree = "<group>"; };
		CF2CA99127FF7EBC007CFAF0 /* MemeViewController.swift */ = {isa = PBXFileReference; lastKnownFileType = sourcecode.swift; path = MemeViewController.swift; sourceTree = "<group>"; };
		CF2CA99627FF7F87007CFAF0 /* MemesData.swift */ = {isa = PBXFileReference; lastKnownFileType = sourcecode.swift; path = MemesData.swift; sourceTree = "<group>"; };
		CF2CA99827FF7F97007CFAF0 /* NetworkManager.swift */ = {isa = PBXFileReference; lastKnownFileType = sourcecode.swift; path = NetworkManager.swift; sourceTree = "<group>"; };
		CF2CA99A27FF84B1007CFAF0 /* MemeCell.swift */ = {isa = PBXFileReference; lastKnownFileType = sourcecode.swift; path = MemeCell.swift; sourceTree = "<group>"; };
		CF2CA9A028042B35007CFAF0 /* SettingsViewController.swift */ = {isa = PBXFileReference; lastKnownFileType = sourcecode.swift; path = SettingsViewController.swift; sourceTree = "<group>"; };
		CF341E432808A15200B1C2E2 /* StorageManager.swift */ = {isa = PBXFileReference; lastKnownFileType = sourcecode.swift; path = StorageManager.swift; sourceTree = "<group>"; };
/* End PBXFileReference section */

/* Begin PBXFrameworksBuildPhase section */
		CF2CA97027FF7D03007CFAF0 /* Frameworks */ = {
			isa = PBXFrameworksBuildPhase;
			buildActionMask = 2147483647;
			files = (
				CF2FB8832805FCFA001EDAE9 /* Alamofire in Frameworks */,
			);
			runOnlyForDeploymentPostprocessing = 0;
		};
/* End PBXFrameworksBuildPhase section */

/* Begin PBXGroup section */
		CF2CA96A27FF7D03007CFAF0 = {
			isa = PBXGroup;
			children = (
				CF2CA97527FF7D03007CFAF0 /* MemeApp */,
				CF2CA97427FF7D03007CFAF0 /* Products */,
			);
			sourceTree = "<group>";
		};
		CF2CA97427FF7D03007CFAF0 /* Products */ = {
			isa = PBXGroup;
			children = (
				CF2CA97327FF7D03007CFAF0 /* MemeApp.app */,
			);
			name = Products;
			sourceTree = "<group>";
		};
		CF2CA97527FF7D03007CFAF0 /* MemeApp */ = {
			isa = PBXGroup;
			children = (
				CF2CA99C28020F11007CFAF0 /* Resources */,
				CF2CA98E27FF7E2E007CFAF0 /* App */,
				CF2CA99527FF7F56007CFAF0 /* Services */,
				CF2CA99427FF7F47007CFAF0 /* Models */,
				CF2CA98F27FF7E53007CFAF0 /* ViewControllers */,
				CF2CA99027FF7E5F007CFAF0 /* Storyboards */,
			);
			path = MemeApp;
			sourceTree = "<group>";
		};
		CF2CA98E27FF7E2E007CFAF0 /* App */ = {
			isa = PBXGroup;
			children = (
				CF2CA97627FF7D03007CFAF0 /* AppDelegate.swift */,
				CF2CA97827FF7D03007CFAF0 /* SceneDelegate.swift */,
				CF2CA98427FF7D03007CFAF0 /* Info.plist */,
			);
			path = App;
			sourceTree = "<group>";
		};
		CF2CA98F27FF7E53007CFAF0 /* ViewControllers */ = {
			isa = PBXGroup;
			children = (
				CF2CA99127FF7EBC007CFAF0 /* MemeViewController.swift */,
				CF2CA9A028042B35007CFAF0 /* SettingsViewController.swift */,
				CF2FB88428074D2F001EDAE9 /* Views */,
			);
			path = ViewControllers;
			sourceTree = "<group>";
		};
		CF2CA99027FF7E5F007CFAF0 /* Storyboards */ = {
			isa = PBXGroup;
			children = (
				CF2CA98127FF7D03007CFAF0 /* LaunchScreen.storyboard */,
				CF2CA97C27FF7D03007CFAF0 /* Main.storyboard */,
			);
			path = Storyboards;
			sourceTree = "<group>";
		};
		CF2CA99427FF7F47007CFAF0 /* Models */ = {
			isa = PBXGroup;
			children = (
				CF2CA99627FF7F87007CFAF0 /* MemesData.swift */,
			);
			path = Models;
			sourceTree = "<group>";
		};
		CF2CA99527FF7F56007CFAF0 /* Services */ = {
			isa = PBXGroup;
			children = (
				CF2CA99827FF7F97007CFAF0 /* NetworkManager.swift */,
				CF341E432808A15200B1C2E2 /* StorageManager.swift */,
			);
			path = Services;
			sourceTree = "<group>";
		};
		CF2CA99C28020F11007CFAF0 /* Resources */ = {
			isa = PBXGroup;
			children = (
				CF2CA97F27FF7D03007CFAF0 /* Assets.xcassets */,
			);
			path = Resources;
			sourceTree = "<group>";
		};
		CF2FB88428074D2F001EDAE9 /* Views */ = {
			isa = PBXGroup;
			children = (
				CF2CA99A27FF84B1007CFAF0 /* MemeCell.swift */,
			);
			path = Views;
			sourceTree = "<group>";
		};
/* End PBXGroup section */

/* Begin PBXNativeTarget section */
		CF2CA97227FF7D03007CFAF0 /* MemeApp */ = {
			isa = PBXNativeTarget;
			buildConfigurationList = CF2CA98727FF7D03007CFAF0 /* Build configuration list for PBXNativeTarget "MemeApp" */;
			buildPhases = (
				CF2CA96F27FF7D03007CFAF0 /* Sources */,
				CF2CA97027FF7D03007CFAF0 /* Frameworks */,
				CF2CA97127FF7D03007CFAF0 /* Resources */,
			);
			buildRules = (
			);
			dependencies = (
			);
			name = MemeApp;
			packageProductDependencies = (
				CF2FB8822805FCFA001EDAE9 /* Alamofire */,
			);
			productName = DuckApp;
			productReference = CF2CA97327FF7D03007CFAF0 /* MemeApp.app */;
			productType = "com.apple.product-type.application";
		};
/* End PBXNativeTarget section */

/* Begin PBXProject section */
		CF2CA96B27FF7D03007CFAF0 /* Project object */ = {
			isa = PBXProject;
			attributes = {
				BuildIndependentTargetsInParallel = 1;
				LastSwiftUpdateCheck = 1330;
				LastUpgradeCheck = 1330;
				TargetAttributes = {
					CF2CA97227FF7D03007CFAF0 = {
						CreatedOnToolsVersion = 13.3;
					};
				};
			};
			buildConfigurationList = CF2CA96E27FF7D03007CFAF0 /* Build configuration list for PBXProject "MemeApp" */;
			compatibilityVersion = "Xcode 13.0";
			developmentRegion = en;
			hasScannedForEncodings = 0;
			knownRegions = (
				en,
				Base,
			);
			mainGroup = CF2CA96A27FF7D03007CFAF0;
			packageReferences = (
				CF2FB8812805FCFA001EDAE9 /* XCRemoteSwiftPackageReference "Alamofire" */,
			);
			productRefGroup = CF2CA97427FF7D03007CFAF0 /* Products */;
			projectDirPath = "";
			projectRoot = "";
			targets = (
				CF2CA97227FF7D03007CFAF0 /* MemeApp */,
			);
		};
/* End PBXProject section */

/* Begin PBXResourcesBuildPhase section */
		CF2CA97127FF7D03007CFAF0 /* Resources */ = {
			isa = PBXResourcesBuildPhase;
			buildActionMask = 2147483647;
			files = (
				CF2CA98327FF7D03007CFAF0 /* LaunchScreen.storyboard in Resources */,
				CF2CA98027FF7D03007CFAF0 /* Assets.xcassets in Resources */,
				CF2CA97E27FF7D03007CFAF0 /* Main.storyboard in Resources */,
			);
			runOnlyForDeploymentPostprocessing = 0;
		};
/* End PBXResourcesBuildPhase section */

/* Begin PBXSourcesBuildPhase section */
		CF2CA96F27FF7D03007CFAF0 /* Sources */ = {
			isa = PBXSourcesBuildPhase;
			buildActionMask = 2147483647;
			files = (
				CF2CA99B27FF84B1007CFAF0 /* MemeCell.swift in Sources */,
				CF2CA99727FF7F87007CFAF0 /* MemesData.swift in Sources */,
				CF2CA9A128042B35007CFAF0 /* SettingsViewController.swift in Sources */,
				CF2CA97727FF7D03007CFAF0 /* AppDelegate.swift in Sources */,
				CF2CA99927FF7F97007CFAF0 /* NetworkManager.swift in Sources */,
				CF2CA97927FF7D03007CFAF0 /* SceneDelegate.swift in Sources */,
				CF2CA99227FF7EBC007CFAF0 /* MemeViewController.swift in Sources */,
				CF341E442808A15200B1C2E2 /* StorageManager.swift in Sources */,
			);
			runOnlyForDeploymentPostprocessing = 0;
		};
/* End PBXSourcesBuildPhase section */

/* Begin PBXVariantGroup section */
		CF2CA97C27FF7D03007CFAF0 /* Main.storyboard */ = {
			isa = PBXVariantGroup;
			children = (
				CF2CA97D27FF7D03007CFAF0 /* Base */,
			);
			name = Main.storyboard;
			sourceTree = "<group>";
		};
		CF2CA98127FF7D03007CFAF0 /* LaunchScreen.storyboard */ = {
			isa = PBXVariantGroup;
			children = (
				CF2CA98227FF7D03007CFAF0 /* Base */,
			);
			name = LaunchScreen.storyboard;
			sourceTree = "<group>";
		};
/* End PBXVariantGroup section */

/* Begin XCBuildConfiguration section */
		CF2CA98527FF7D03007CFAF0 /* Debug */ = {
			isa = XCBuildConfiguration;
			buildSettings = {
				ALWAYS_SEARCH_USER_PATHS = NO;
				CLANG_ANALYZER_NONNULL = YES;
				CLANG_ANALYZER_NUMBER_OBJECT_CONVERSION = YES_AGGRESSIVE;
				CLANG_CXX_LANGUAGE_STANDARD = "gnu++17";
				CLANG_ENABLE_MODULES = YES;
				CLANG_ENABLE_OBJC_ARC = YES;
				CLANG_ENABLE_OBJC_WEAK = YES;
				CLANG_WARN_BLOCK_CAPTURE_AUTORELEASING = YES;
				CLANG_WARN_BOOL_CONVERSION = YES;
				CLANG_WARN_COMMA = YES;
				CLANG_WARN_CONSTANT_CONVERSION = YES;
				CLANG_WARN_DEPRECATED_OBJC_IMPLEMENTATIONS = YES;
				CLANG_WARN_DIRECT_OBJC_ISA_USAGE = YES_ERROR;
				CLANG_WARN_DOCUMENTATION_COMMENTS = YES;
				CLANG_WARN_EMPTY_BODY = YES;
				CLANG_WARN_ENUM_CONVERSION = YES;
				CLANG_WARN_INFINITE_RECURSION = YES;
				CLANG_WARN_INT_CONVERSION = YES;
				CLANG_WARN_NON_LITERAL_NULL_CONVERSION = YES;
				CLANG_WARN_OBJC_IMPLICIT_RETAIN_SELF = YES;
				CLANG_WARN_OBJC_LITERAL_CONVERSION = YES;
				CLANG_WARN_OBJC_ROOT_CLASS = YES_ERROR;
				CLANG_WARN_QUOTED_INCLUDE_IN_FRAMEWORK_HEADER = YES;
				CLANG_WARN_RANGE_LOOP_ANALYSIS = YES;
				CLANG_WARN_STRICT_PROTOTYPES = YES;
				CLANG_WARN_SUSPICIOUS_MOVE = YES;
				CLANG_WARN_UNGUARDED_AVAILABILITY = YES_AGGRESSIVE;
				CLANG_WARN_UNREACHABLE_CODE = YES;
				CLANG_WARN__DUPLICATE_METHOD_MATCH = YES;
				COPY_PHASE_STRIP = NO;
				DEBUG_INFORMATION_FORMAT = dwarf;
				ENABLE_STRICT_OBJC_MSGSEND = YES;
				ENABLE_TESTABILITY = YES;
				GCC_C_LANGUAGE_STANDARD = gnu11;
				GCC_DYNAMIC_NO_PIC = NO;
				GCC_NO_COMMON_BLOCKS = YES;
				GCC_OPTIMIZATION_LEVEL = 0;
				GCC_PREPROCESSOR_DEFINITIONS = (
					"DEBUG=1",
					"$(inherited)",
				);
				GCC_WARN_64_TO_32_BIT_CONVERSION = YES;
				GCC_WARN_ABOUT_RETURN_TYPE = YES_ERROR;
				GCC_WARN_UNDECLARED_SELECTOR = YES;
				GCC_WARN_UNINITIALIZED_AUTOS = YES_AGGRESSIVE;
				GCC_WARN_UNUSED_FUNCTION = YES;
				GCC_WARN_UNUSED_VARIABLE = YES;
				IPHONEOS_DEPLOYMENT_TARGET = 15.4;
				MTL_ENABLE_DEBUG_INFO = INCLUDE_SOURCE;
				MTL_FAST_MATH = YES;
				ONLY_ACTIVE_ARCH = YES;
				SDKROOT = iphoneos;
				SWIFT_ACTIVE_COMPILATION_CONDITIONS = DEBUG;
				SWIFT_OPTIMIZATION_LEVEL = "-Onone";
			};
			name = Debug;
		};
		CF2CA98627FF7D03007CFAF0 /* Release */ = {
			isa = XCBuildConfiguration;
			buildSettings = {
				ALWAYS_SEARCH_USER_PATHS = NO;
				CLANG_ANALYZER_NONNULL = YES;
				CLANG_ANALYZER_NUMBER_OBJECT_CONVERSION = YES_AGGRESSIVE;
				CLANG_CXX_LANGUAGE_STANDARD = "gnu++17";
				CLANG_ENABLE_MODULES = YES;
				CLANG_ENABLE_OBJC_ARC = YES;
				CLANG_ENABLE_OBJC_WEAK = YES;
				CLANG_WARN_BLOCK_CAPTURE_AUTORELEASING = YES;
				CLANG_WARN_BOOL_CONVERSION = YES;
				CLANG_WARN_COMMA = YES;
				CLANG_WARN_CONSTANT_CONVERSION = YES;
				CLANG_WARN_DEPRECATED_OBJC_IMPLEMENTATIONS = YES;
				CLANG_WARN_DIRECT_OBJC_ISA_USAGE = YES_ERROR;
				CLANG_WARN_DOCUMENTATION_COMMENTS = YES;
				CLANG_WARN_EMPTY_BODY = YES;
				CLANG_WARN_ENUM_CONVERSION = YES;
				CLANG_WARN_INFINITE_RECURSION = YES;
				CLANG_WARN_INT_CONVERSION = YES;
				CLANG_WARN_NON_LITERAL_NULL_CONVERSION = YES;
				CLANG_WARN_OBJC_IMPLICIT_RETAIN_SELF = YES;
				CLANG_WARN_OBJC_LITERAL_CONVERSION = YES;
				CLANG_WARN_OBJC_ROOT_CLASS = YES_ERROR;
				CLANG_WARN_QUOTED_INCLUDE_IN_FRAMEWORK_HEADER = YES;
				CLANG_WARN_RANGE_LOOP_ANALYSIS = YES;
				CLANG_WARN_STRICT_PROTOTYPES = YES;
				CLANG_WARN_SUSPICIOUS_MOVE = YES;
				CLANG_WARN_UNGUARDED_AVAILABILITY = YES_AGGRESSIVE;
				CLANG_WARN_UNREACHABLE_CODE = YES;
				CLANG_WARN__DUPLICATE_METHOD_MATCH = YES;
				COPY_PHASE_STRIP = NO;
				DEBUG_INFORMATION_FORMAT = "dwarf-with-dsym";
				ENABLE_NS_ASSERTIONS = NO;
				ENABLE_STRICT_OBJC_MSGSEND = YES;
				GCC_C_LANGUAGE_STANDARD = gnu11;
				GCC_NO_COMMON_BLOCKS = YES;
				GCC_WARN_64_TO_32_BIT_CONVERSION = YES;
				GCC_WARN_ABOUT_RETURN_TYPE = YES_ERROR;
				GCC_WARN_UNDECLARED_SELECTOR = YES;
				GCC_WARN_UNINITIALIZED_AUTOS = YES_AGGRESSIVE;
				GCC_WARN_UNUSED_FUNCTION = YES;
				GCC_WARN_UNUSED_VARIABLE = YES;
				IPHONEOS_DEPLOYMENT_TARGET = 15.4;
				MTL_ENABLE_DEBUG_INFO = NO;
				MTL_FAST_MATH = YES;
				SDKROOT = iphoneos;
				SWIFT_COMPILATION_MODE = wholemodule;
				SWIFT_OPTIMIZATION_LEVEL = "-O";
				VALIDATE_PRODUCT = YES;
			};
			name = Release;
		};
		CF2CA98827FF7D03007CFAF0 /* Debug */ = {
			isa = XCBuildConfiguration;
			buildSettings = {
				ASSETCATALOG_COMPILER_APPICON_NAME = AppIcon;
				ASSETCATALOG_COMPILER_GLOBAL_ACCENT_COLOR_NAME = AccentColor;
				CODE_SIGN_STYLE = Automatic;
				CURRENT_PROJECT_VERSION = 3;
				DEVELOPMENT_TEAM = L7KZPDRX49;
				GENERATE_INFOPLIST_FILE = YES;
				INFOPLIST_FILE = MemeApp/App/Info.plist;
				INFOPLIST_KEY_UIApplicationSupportsIndirectInputEvents = YES;
				INFOPLIST_KEY_UILaunchStoryboardName = LaunchScreen;
				INFOPLIST_KEY_UIMainStoryboardFile = Main;
				INFOPLIST_KEY_UISupportedInterfaceOrientations = UIInterfaceOrientationPortrait;
				INFOPLIST_KEY_UISupportedInterfaceOrientations_iPad = "UIInterfaceOrientationPortrait UIInterfaceOrientationPortraitUpsideDown UIInterfaceOrientationLandscapeLeft UIInterfaceOrientationLandscapeRight";
				INFOPLIST_KEY_UISupportedInterfaceOrientations_iPhone = "UIInterfaceOrientationPortrait UIInterfaceOrientationLandscapeLeft UIInterfaceOrientationLandscapeRight";
				IPHONEOS_DEPLOYMENT_TARGET = 15.4;
				LD_RUNPATH_SEARCH_PATHS = (
					"$(inherited)",
					"@executable_path/Frameworks",
				);
				MARKETING_VERSION = 0.1.0;
				PRODUCT_BUNDLE_IDENTIFIER = pmatar.MemeApp;
				PRODUCT_NAME = "$(TARGET_NAME)";
				SWIFT_EMIT_LOC_STRINGS = YES;
				SWIFT_VERSION = 5.0;
				TARGETED_DEVICE_FAMILY = 1;
			};
			name = Debug;
		};
		CF2CA98927FF7D03007CFAF0 /* Release */ = {
			isa = XCBuildConfiguration;
			buildSettings = {
				ASSETCATALOG_COMPILER_APPICON_NAME = AppIcon;
				ASSETCATALOG_COMPILER_GLOBAL_ACCENT_COLOR_NAME = AccentColor;
				CODE_SIGN_STYLE = Automatic;
				CURRENT_PROJECT_VERSION = 3;
				DEVELOPMENT_TEAM = L7KZPDRX49;
				GENERATE_INFOPLIST_FILE = YES;
				INFOPLIST_FILE = MemeApp/App/Info.plist;
				INFOPLIST_KEY_UIApplicationSupportsIndirectInputEvents = YES;
				INFOPLIST_KEY_UILaunchStoryboardName = LaunchScreen;
				INFOPLIST_KEY_UIMainStoryboardFile = Main;
				INFOPLIST_KEY_UISupportedInterfaceOrientations = UIInterfaceOrientationPortrait;
				INFOPLIST_KEY_UISupportedInterfaceOrientations_iPad = "UIInterfaceOrientationPortrait UIInterfaceOrientationPortraitUpsideDown UIInterfaceOrientationLandscapeLeft UIInterfaceOrientationLandscapeRight";
				INFOPLIST_KEY_UISupportedInterfaceOrientations_iPhone = "UIInterfaceOrientationPortrait UIInterfaceOrientationLandscapeLeft UIInterfaceOrientationLandscapeRight";
				IPHONEOS_DEPLOYMENT_TARGET = 15.4;
				LD_RUNPATH_SEARCH_PATHS = (
					"$(inherited)",
					"@executable_path/Frameworks",
				);
				MARKETING_VERSION = 0.1.0;
				PRODUCT_BUNDLE_IDENTIFIER = pmatar.MemeApp;
				PRODUCT_NAME = "$(TARGET_NAME)";
				SWIFT_EMIT_LOC_STRINGS = YES;
				SWIFT_VERSION = 5.0;
				TARGETED_DEVICE_FAMILY = 1;
			};
			name = Release;
		};
/* End XCBuildConfiguration section */

/* Begin XCConfigurationList section */
		CF2CA96E27FF7D03007CFAF0 /* Build configuration list for PBXProject "MemeApp" */ = {
			isa = XCConfigurationList;
			buildConfigurations = (
				CF2CA98527FF7D03007CFAF0 /* Debug */,
				CF2CA98627FF7D03007CFAF0 /* Release */,
			);
			defaultConfigurationIsVisible = 0;
			defaultConfigurationName = Release;
		};
		CF2CA98727FF7D03007CFAF0 /* Build configuration list for PBXNativeTarget "MemeApp" */ = {
			isa = XCConfigurationList;
			buildConfigurations = (
				CF2CA98827FF7D03007CFAF0 /* Debug */,
				CF2CA98927FF7D03007CFAF0 /* Release */,
			);
			defaultConfigurationIsVisible = 0;
			defaultConfigurationName = Release;
		};
/* End XCConfigurationList section */

/* Begin XCRemoteSwiftPackageReference section */
		CF2FB8812805FCFA001EDAE9 /* XCRemoteSwiftPackageReference "Alamofire" */ = {
			isa = XCRemoteSwiftPackageReference;
			repositoryURL = "https://github.com/Alamofire/Alamofire";
			requirement = {
				kind = upToNextMajorVersion;
				minimumVersion = 5.5.0;
			};
		};
/* End XCRemoteSwiftPackageReference section */

/* Begin XCSwiftPackageProductDependency section */
		CF2FB8822805FCFA001EDAE9 /* Alamofire */ = {
			isa = XCSwiftPackageProductDependency;
			package = CF2FB8812805FCFA001EDAE9 /* XCRemoteSwiftPackageReference "Alamofire" */;
			productName = Alamofire;
		};
/* End XCSwiftPackageProductDependency section */
	};
	rootObject = CF2CA96B27FF7D03007CFAF0 /* Project object */;
}
